
Microsoft Visual Studio Solution File, Format Version 12.00
# Visual Studio Version 17
VisualStudioVersion = 17.4.33103.184
MinimumVisualStudioVersion = 10.0.40219.1
Project("{FAE04EC0-301F-11D3-BF4B-00C04F79EFBC}") = "JohanCarrascoFactoryMehtod1", "JohanCarrascoFactoryMehtod1\JohanCarrascoFactoryMehtod1.csproj", "{1BAD7F4F-EF46-449F-AB34-B687C7E0B074}"
EndProject
Global
	GlobalSection(SolutionConfigurationPlatforms) = preSolution
		Debug|Any CPU = Debug|Any CPU
		Release|Any CPU = Release|Any CPU
	EndGlobalSection
	GlobalSection(ProjectConfigurationPlatforms) = postSolution
		{1BAD7F4F-EF46-449F-AB34-B687C7E0B074}.Debug|Any CPU.ActiveCfg = Debug|Any CPU
		{1BAD7F4F-EF46-449F-AB34-B687C7E0B074}.Debug|Any CPU.Build.0 = Debug|Any CPU
		{1BAD7F4F-EF46-449F-AB34-B687C7E0B074}.Release|Any CPU.ActiveCfg = Release|Any CPU
		{1BAD7F4F-EF46-449F-AB34-B687C7E0B074}.Release|Any CPU.Build.0 = Release|Any CPU
	EndGlobalSection
	GlobalSection(SolutionProperties) = preSolution
		HideSolutionNode = FALSE
	EndGlobalSection
	GlobalSection(ExtensibilityGlobals) = postSolution
		SolutionGuid = {2A8FCC3A-1C68-4003-9597-426F5043C268}
	EndGlobalSection
EndGlobal
